
Microsoft Visual Studio Solution File, Format Version 12.00
# Visual Studio Version 17
VisualStudioVersion = 17.7.33920.267
MinimumVisualStudioVersion = 10.0.40219.1
Project("{9A19103F-16F7-4668-BE54-9A1E7A4F7556}") = "RawInput.Sharp", "RawInput.Sharp\RawInput.Sharp.csproj", "{47C40BEA-5191-46A3-BE27-4B7A1B725C31}"
EndProject
Project("{2150E333-8FDC-42A3-9474-1A3956D46DE8}") = "Solution Items", "Solution Items", "{8B433D11-9752-4F95-A83A-6C04CB02CE07}"
	ProjectSection(SolutionItems) = preProject
		LICENSE.txt = LICENSE.txt
		README.md = README.md
	EndProjectSection
EndProject
Project("{9A19103F-16F7-4668-BE54-9A1E7A4F7556}") = "RawInput.Sharp.SimpleExample", "RawInput.Sharp.SimpleExample\RawInput.Sharp.SimpleExample.csproj", "{F129A5A1-95EA-41CF-98E3-ECB61BEB5040}"
EndProject
Project("{9A19103F-16F7-4668-BE54-9A1E7A4F7556}") = "RawInput.Sharp.SimpleExample.WPF", "RawInput.Sharp.SimpleExample.WPF\RawInput.Sharp.SimpleExample.WPF.csproj", "{63B773C2-7995-4A6A-AAE8-C0DEF73454F9}"
EndProject
Project("{9A19103F-16F7-4668-BE54-9A1E7A4F7556}") = "RawInput.Sharp.DigitizerExample", "RawInput.Sharp.DigitizerExample\RawInput.Sharp.DigitizerExample.csproj", "{59C646E7-8E08-4B06-9F2E-B66962448BA2}"
EndProject
Project("{FAE04EC0-301F-11D3-BF4B-00C04F79EFBC}") = "RawInput.Sharp.SimpleExample.Win32", "RawInput.Sharp.SimpleExample.Win32\RawInput.Sharp.SimpleExample.Win32.csproj", "{E3FBC4E2-70F1-447A-980B-0351E9D525A7}"
EndProject
Global
	GlobalSection(SolutionConfigurationPlatforms) = preSolution
		Debug|Any CPU = Debug|Any CPU
		Release|Any CPU = Release|Any CPU
	EndGlobalSection
	GlobalSection(ProjectConfigurationPlatforms) = postSolution
		{47C40BEA-5191-46A3-BE27-4B7A1B725C31}.Debug|Any CPU.ActiveCfg = Debug|Any CPU
		{47C40BEA-5191-46A3-BE27-4B7A1B725C31}.Debug|Any CPU.Build.0 = Debug|Any CPU
		{47C40BEA-5191-46A3-BE27-4B7A1B725C31}.Release|Any CPU.ActiveCfg = Release|Any CPU
		{47C40BEA-5191-46A3-BE27-4B7A1B725C31}.Release|Any CPU.Build.0 = Release|Any CPU
		{F129A5A1-95EA-41CF-98E3-ECB61BEB5040}.Debug|Any CPU.ActiveCfg = Debug|Any CPU
		{F129A5A1-95EA-41CF-98E3-ECB61BEB5040}.Debug|Any CPU.Build.0 = Debug|Any CPU
		{F129A5A1-95EA-41CF-98E3-ECB61BEB5040}.Release|Any CPU.ActiveCfg = Release|Any CPU
		{F129A5A1-95EA-41CF-98E3-ECB61BEB5040}.Release|Any CPU.Build.0 = Release|Any CPU
		{63B773C2-7995-4A6A-AAE8-C0DEF73454F9}.Debug|Any CPU.ActiveCfg = Debug|Any CPU
		{63B773C2-7995-4A6A-AAE8-C0DEF73454F9}.Debug|Any CPU.Build.0 = Debug|Any CPU
		{63B773C2-7995-4A6A-AAE8-C0DEF73454F9}.Release|Any CPU.ActiveCfg = Release|Any CPU
		{63B773C2-7995-4A6A-AAE8-C0DEF73454F9}.Release|Any CPU.Build.0 = Release|Any CPU
		{59C646E7-8E08-4B06-9F2E-B66962448BA2}.Debug|Any CPU.ActiveCfg = Debug|Any CPU
		{59C646E7-8E08-4B06-9F2E-B66962448BA2}.Debug|Any CPU.Build.0 = Debug|Any CPU
		{59C646E7-8E08-4B06-9F2E-B66962448BA2}.Release|Any CPU.ActiveCfg = Release|Any CPU
		{59C646E7-8E08-4B06-9F2E-B66962448BA2}.Release|Any CPU.Build.0 = Release|Any CPU
		{E3FBC4E2-70F1-447A-980B-0351E9D525A7}.Debug|Any CPU.ActiveCfg = Debug|Any CPU
		{E3FBC4E2-70F1-447A-980B-0351E9D525A7}.Debug|Any CPU.Build.0 = Debug|Any CPU
		{E3FBC4E2-70F1-447A-980B-0351E9D525A7}.Release|Any CPU.ActiveCfg = Release|Any CPU
		{E3FBC4E2-70F1-447A-980B-0351E9D525A7}.Release|Any CPU.Build.0 = Release|Any CPU
	EndGlobalSection
	GlobalSection(SolutionProperties) = preSolution
		HideSolutionNode = FALSE
	EndGlobalSection
	GlobalSection(ExtensibilityGlobals) = postSolution
		SolutionGuid = {12746CE4-3274-4D3F-A053-FBC6E4D452A4}
	EndGlobalSection
EndGlobal
